
Microsoft Visual Studio Solution File, Format Version 12.00
# Visual Studio 15
VisualStudioVersion = 15.0.27004.2006
MinimumVisualStudioVersion = 10.0.40219.1
Project("{8BC9CEB8-8B4A-11D0-8D11-00A0C91BC942}") = "Project01", "Project01\Project01.vcxproj", "{838350CF-4F54-4255-B2CF-ADF20741454E}"
EndProject
Project("{8BC9CEB8-8B4A-11D0-8D11-00A0C91BC942}") = "Project02", "Project02\Project02.vcxproj", "{89A4DA4D-E8E3-45A9-823E-718B56080E81}"
EndProject
Project("{8BC9CEB8-8B4A-11D0-8D11-00A0C91BC942}") = "Project3", "Project3\Project3.vcxproj", "{864EFE0B-C585-4E24-802D-48A0934A0F1F}"
EndProject
Project("{8BC9CEB8-8B4A-11D0-8D11-00A0C91BC942}") = "Project04", "Project04\Project04.vcxproj", "{D946015D-EE73-448D-AF84-B5AF469B2BF2}"
EndProject
Global
	GlobalSection(SolutionConfigurationPlatforms) = preSolution
		Debug|x64 = Debug|x64
		Debug|x86 = Debug|x86
		Release|x64 = Release|x64
		Release|x86 = Release|x86
	EndGlobalSection
	GlobalSection(ProjectConfigurationPlatforms) = postSolution
		{838350CF-4F54-4255-B2CF-ADF20741454E}.Debug|x64.ActiveCfg = Debug|x64
		{838350CF-4F54-4255-B2CF-ADF20741454E}.Debug|x64.Build.0 = Debug|x64
		{838350CF-4F54-4255-B2CF-ADF20741454E}.Debug|x86.ActiveCfg = Debug|Win32
		{838350CF-4F54-4255-B2CF-ADF20741454E}.Debug|x86.Build.0 = Debug|Win32
		{838350CF-4F54-4255-B2CF-ADF20741454E}.Release|x64.ActiveCfg = Release|x64
		{838350CF-4F54-4255-B2CF-ADF20741454E}.Release|x64.Build.0 = Release|x64
		{838350CF-4F54-4255-B2CF-ADF20741454E}.Release|x86.ActiveCfg = Release|Win32
		{838350CF-4F54-4255-B2CF-ADF20741454E}.Release|x86.Build.0 = Release|Win32
		{89A4DA4D-E8E3-45A9-823E-718B56080E81}.Debug|x64.ActiveCfg = Debug|x64
		{89A4DA4D-E8E3-45A9-823E-718B56080E81}.Debug|x64.Build.0 = Debug|x64
		{89A4DA4D-E8E3-45A9-823E-718B56080E81}.Debug|x86.ActiveCfg = Debug|Win32
		{89A4DA4D-E8E3-45A9-823E-718B56080E81}.Debug|x86.Build.0 = Debug|Win32
		{89A4DA4D-E8E3-45A9-823E-718B56080E81}.Release|x64.ActiveCfg = Release|x64
		{89A4DA4D-E8E3-45A9-823E-718B56080E81}.Release|x64.Build.0 = Release|x64
		{89A4DA4D-E8E3-45A9-823E-718B56080E81}.Release|x86.ActiveCfg = Release|Win32
		{89A4DA4D-E8E3-45A9-823E-718B56080E81}.Release|x86.Build.0 = Release|Win32
		{864EFE0B-C585-4E24-802D-48A0934A0F1F}.Debug|x64.ActiveCfg = Debug|x64
		{864EFE0B-C585-4E24-802D-48A0934A0F1F}.Debug|x64.Build.0 = Debug|x64
		{864EFE0B-C585-4E24-802D-48A0934A0F1F}.Debug|x86.ActiveCfg = Debug|Win32
		{864EFE0B-C585-4E24-802D-48A0934A0F1F}.Debug|x86.Build.0 = Debug|Win32
		{864EFE0B-C585-4E24-802D-48A0934A0F1F}.Release|x64.ActiveCfg = Release|x64
		{864EFE0B-C585-4E24-802D-48A0934A0F1F}.Release|x64.Build.0 = Release|x64
		{864EFE0B-C585-4E24-802D-48A0934A0F1F}.Release|x86.ActiveCfg = Release|Win32
		{864EFE0B-C585-4E24-802D-48A0934A0F1F}.Release|x86.Build.0 = Release|Win32
		{D946015D-EE73-448D-AF84-B5AF469B2BF2}.Debug|x64.ActiveCfg = Debug|x64
		{D946015D-EE73-448D-AF84-B5AF469B2BF2}.Debug|x64.Build.0 = Debug|x64
		{D946015D-EE73-448D-AF84-B5AF469B2BF2}.Debug|x86.ActiveCfg = Debug|Win32
		{D946015D-EE73-448D-AF84-B5AF469B2BF2}.Debug|x86.Build.0 = Debug|Win32
		{D946015D-EE73-448D-AF84-B5AF469B2BF2}.Release|x64.ActiveCfg = Release|x64
		{D946015D-EE73-448D-AF84-B5AF469B2BF2}.Release|x64.Build.0 = Release|x64
		{D946015D-EE73-448D-AF84-B5AF469B2BF2}.Release|x86.ActiveCfg = Release|Win32
		{D946015D-EE73-448D-AF84-B5AF469B2BF2}.Release|x86.Build.0 = Release|Win32
	EndGlobalSection
	GlobalSection(SolutionProperties) = preSolution
		HideSolutionNode = FALSE
	EndGlobalSection
	GlobalSection(ExtensibilityGlobals) = postSolution
		SolutionGuid = {E7A62F1E-399A-42CA-BFBE-A57D531C6F33}
	EndGlobalSection
EndGlobal
